
Microsoft Visual Studio Solution File, Format Version 12.00
# Visual Studio Version 16
VisualStudioVersion = 16.0.30711.63
MinimumVisualStudioVersion = 10.0.40219.1
Project("{9A19103F-16F7-4668-BE54-9A1E7A4F7556}") = "StudentAccounting.Server", "StudentAccounting.Server\StudentAccounting.Server.csproj", "{ADA336A4-C703-4D20-B664-059B815E8C82}"
EndProject
Project("{9A19103F-16F7-4668-BE54-9A1E7A4F7556}") = "StudentAccounting.RazorClassLib", "StudentAccounting.RazorClassLib\StudentAccounting.RazorClassLib.csproj", "{F1C5765C-2BA3-4FCA-83FC-9D5305582C23}"
EndProject
Project("{9A19103F-16F7-4668-BE54-9A1E7A4F7556}") = "StudentAccounting.MailService", "StudentAccounting.MailService\StudentAccounting.MailService.csproj", "{89509065-DE52-491E-9C0F-2222ED5775D3}"
EndProject
Global
	GlobalSection(SolutionConfigurationPlatforms) = preSolution
		Debug|Any CPU = Debug|Any CPU
		Release|Any CPU = Release|Any CPU
	EndGlobalSection
	GlobalSection(ProjectConfigurationPlatforms) = postSolution
		{ADA336A4-C703-4D20-B664-059B815E8C82}.Debug|Any CPU.ActiveCfg = Debug|Any CPU
		{ADA336A4-C703-4D20-B664-059B815E8C82}.Debug|Any CPU.Build.0 = Debug|Any CPU
		{ADA336A4-C703-4D20-B664-059B815E8C82}.Release|Any CPU.ActiveCfg = Release|Any CPU
		{ADA336A4-C703-4D20-B664-059B815E8C82}.Release|Any CPU.Build.0 = Release|Any CPU
		{F1C5765C-2BA3-4FCA-83FC-9D5305582C23}.Debug|Any CPU.ActiveCfg = Debug|Any CPU
		{F1C5765C-2BA3-4FCA-83FC-9D5305582C23}.Debug|Any CPU.Build.0 = Debug|Any CPU
		{F1C5765C-2BA3-4FCA-83FC-9D5305582C23}.Release|Any CPU.ActiveCfg = Release|Any CPU
		{F1C5765C-2BA3-4FCA-83FC-9D5305582C23}.Release|Any CPU.Build.0 = Release|Any CPU
		{89509065-DE52-491E-9C0F-2222ED5775D3}.Debug|Any CPU.ActiveCfg = Debug|Any CPU
		{89509065-DE52-491E-9C0F-2222ED5775D3}.Debug|Any CPU.Build.0 = Debug|Any CPU
		{89509065-DE52-491E-9C0F-2222ED5775D3}.Release|Any CPU.ActiveCfg = Release|Any CPU
		{89509065-DE52-491E-9C0F-2222ED5775D3}.Release|Any CPU.Build.0 = Release|Any CPU
	EndGlobalSection
	GlobalSection(SolutionProperties) = preSolution
		HideSolutionNode = FALSE
	EndGlobalSection
	GlobalSection(ExtensibilityGlobals) = postSolution
		SolutionGuid = {E76FD6B3-4C99-4EBE-BA5D-523A4A914627}
	EndGlobalSection
EndGlobal
